(lock
  (locked
    (package (name (bjorsec)) (version "0.2.0")
             (source (git (url "https://github.com/bjoli/bjorsec")))
             (commit "81a169380a98097a4fc2c7f01fe4de3fc59e22c7"))
    (package (name (markdig-bjolang)) (version "0.2.0")
             (source (git (url "https://github.com/bjoli/markdig-bjolang")))
             (commit "81cb27667677237c96525a2fee9e65fa76cb0532"))
    (package (name (textmate-bjolang)) (version "0.1.2")
             (source (git (url "https://rikspucko.koketteriet.se/bjoli/textmate-bjolang")))
             (commit "eeb113389acc0f3464b6c57aff180a684c0db56d9cdbaac1d9ddece71da30a7f"))))
