{
  "version": 1,
  "dependencies": {
    "net10.0": {
      "Markdig": {
        "type": "Transitive",
        "resolved": "0.44.0",
        "contentHash": "X+CYMjcUnh/yO24wOSQxVFLiGqWrrtXJ5M7toHiM1Zk4Fg9UMLN5fkaq6FSOWH+mIprsHHgDMlq3MJhmrXalhg=="
      },
      "Onigwrap": {
        "type": "Transitive",
        "resolved": "1.0.11",
        "contentHash": "5/WAxSYWfiiPzp1X13qqdqjFmYLKDD/U7Vh3WCkKxWG9BjqdrXnQE5fCKCFJX+xWvuYLTxwZIVWBwBWObViE8g=="
      },
      "TextMateSharp": {
        "type": "Transitive",
        "resolved": "2.0.4",
        "contentHash": "5Pvn+A4zb1IF+ACAVhgw1aGf9kTyx6j7v5hdup7nCS89Nzby8KQAlCfQ54VC/GAsEoQwh4zKa5MKlAaql8nkPg==",
        "dependencies": {
          "Onigwrap": "1.0.11"
        }
      },
      "TextMateSharp.Grammars": {
        "type": "Transitive",
        "resolved": "2.0.4",
        "contentHash": "jzOY00q5u5Vs4L9n2m2PnRZDGwWt2uwkOLh7qlVdCx1kkGSn5eaW5XgnYCyTzEbsCwLV2xlEolnNkr/wuIMAbA==",
        "dependencies": {
          "TextMateSharp": "2.0.4"
        }
      },
      "bjopackage.markdig-bjolang": {
        "type": "Project",
        "dependencies": {
          "Markdig": "[0.44.0, )"
        }
      },
      "bjopackage.textmate-bjolang": {
        "type": "Project",
        "dependencies": {
          "TextMateSharp.Grammars": "[2.0.4, 2.1.0)"
        }
      }
    }
  }
}